Microsoft Visual Studio Solution File, Format Version 12.00
# Visual Studio 2012
Project("{FAE04EC0-301F-11D3-BF4B-00C04F79EFBC}") = "Chess", "Chess.csproj", "{B0C23142-81C4-4FBD-9115-C69A515DC0FB}"
EndProject
Global
	GlobalSection(SolutionConfigurationPlatforms) = preSolution
	Debug|Any CPU = Debug|Any CPU
	ExportDebug|Any CPU = ExportDebug|Any CPU
	ExportRelease|Any CPU = ExportRelease|Any CPU
	EndGlobalSection
	GlobalSection(ProjectConfigurationPlatforms) = postSolution
		{B0C23142-81C4-4FBD-9115-C69A515DC0FB}.Debug|Any CPU.ActiveCfg = Debug|Any CPU
		{B0C23142-81C4-4FBD-9115-C69A515DC0FB}.Debug|Any CPU.Build.0 = Debug|Any CPU
		{B0C23142-81C4-4FBD-9115-C69A515DC0FB}.ExportDebug|Any CPU.ActiveCfg = ExportDebug|Any CPU
		{B0C23142-81C4-4FBD-9115-C69A515DC0FB}.ExportDebug|Any CPU.Build.0 = ExportDebug|Any CPU
		{B0C23142-81C4-4FBD-9115-C69A515DC0FB}.ExportRelease|Any CPU.ActiveCfg = ExportRelease|Any CPU
		{B0C23142-81C4-4FBD-9115-C69A515DC0FB}.ExportRelease|Any CPU.Build.0 = ExportRelease|Any CPU
	EndGlobalSection
EndGlobal
